// !$*UTF8*$!
{
	archiveVersion = 1;
	classes = {
	};
	objectVersion = 50;
	objects = {

/* Begin PBXBuildFile section */
		A3388CF32431F911005CE11A /* AppDelegate.swift in Sources */ = {isa = PBXBuildFile; fileRef = A3388CF22431F911005CE11A /* AppDelegate.swift */; };
		A3388CF52431F911005CE11A /* SceneDelegate.swift in Sources */ = {isa = PBXBuildFile; fileRef = A3388CF42431F911005CE11A /* SceneDelegate.swift */; };
		A3388CF72431F911005CE11A /* ViewController.swift in Sources */ = {isa = PBXBuildFile; fileRef = A3388CF62431F911005CE11A /* ViewController.swift */; };
		A3388CFC2431F911005CE11A /* Assets.xcassets in Resources */ = {isa = PBXBuildFile; fileRef = A3388CFB2431F911005CE11A /* Assets.xcassets */; };
		A3388CFF2431F911005CE11A /* LaunchScreen.storyboard in Resources */ = {isa = PBXBuildFile; fileRef = A3388CFD2431F911005CE11A /* LaunchScreen.storyboard */; };
		A3388D072431F960005CE11A /* Welcome.storyboard in Resources */ = {isa = PBXBuildFile; fileRef = A3388D062431F960005CE11A /* Welcome.storyboard */; };
		A3388D092431FA64005CE11A /* Main.storyboard in Resources */ = {isa = PBXBuildFile; fileRef = A3388D082431FA64005CE11A /* Main.storyboard */; };
		A3388D0B24320B64005CE11A /* ViewController+UI.swift in Sources */ = {isa = PBXBuildFile; fileRef = A3388D0A24320B64005CE11A /* ViewController+UI.swift */; };
		A3388D0D24320D73005CE11A /* SignUpViewController.swift in Sources */ = {isa = PBXBuildFile; fileRef = A3388D0C24320D73005CE11A /* SignUpViewController.swift */; };
		A3388D0F243218C1005CE11A /* SignInViewController_UI.swift in Sources */ = {isa = PBXBuildFile; fileRef = A3388D0E243218C1005CE11A /* SignInViewController_UI.swift */; };
		A3388D1124322115005CE11A /* SignViewController.swift in Sources */ = {isa = PBXBuildFile; fileRef = A3388D1024322115005CE11A /* SignViewController.swift */; };
		A3388D1324322294005CE11A /* SignEmailViewController+UI.swift in Sources */ = {isa = PBXBuildFile; fileRef = A3388D1224322294005CE11A /* SignEmailViewController+UI.swift */; };
/* End PBXBuildFile section */

/* Begin PBXFileReference section */
		A3388CEF2431F911005CE11A /* JCoding.app */ = {isa = PBXFileReference; explicitFileType = wrapper.application; includeInIndex = 0; path = JCoding.app; sourceTree = BUILT_PRODUCTS_DIR; };
		A3388CF22431F911005CE11A /* AppDelegate.swift */ = {isa = PBXFileReference; lastKnownFileType = sourcecode.swift; path = AppDelegate.swift; sourceTree = "<group>"; };
		A3388CF42431F911005CE11A /* SceneDelegate.swift */ = {isa = PBXFileReference; lastKnownFileType = sourcecode.swift; path = SceneDelegate.swift; sourceTree = "<group>"; };
		A3388CF62431F911005CE11A /* ViewController.swift */ = {isa = PBXFileReference; lastKnownFileType = sourcecode.swift; path = ViewController.swift; sourceTree = "<group>"; };
		A3388CFB2431F911005CE11A /* Assets.xcassets */ = {isa = PBXFileReference; lastKnownFileType = folder.assetcatalog; path = Assets.xcassets; sourceTree = "<group>"; };
		A3388CFE2431F911005CE11A /* Base */ = {isa = PBXFileReference; lastKnownFileType = file.storyboard; name = Base; path = Base.lproj/LaunchScreen.storyboard; sourceTree = "<group>"; };
		A3388D002431F911005CE11A /* Info.plist */ = {isa = PBXFileReference; lastKnownFileType = text.plist.xml; path = Info.plist; sourceTree = "<group>"; };
		A3388D062431F960005CE11A /* Welcome.storyboard */ = {isa = PBXFileReference; lastKnownFileType = file.storyboard; path = Welcome.storyboard; sourceTree = "<group>"; };
		A3388D082431FA64005CE11A /* Main.storyboard */ = {isa = PBXFileReference; lastKnownFileType = file.storyboard; path = Main.storyboard; sourceTree = "<group>"; };
		A3388D0A24320B64005CE11A /* ViewController+UI.swift */ = {isa = PBXFileReference; lastKnownFileType = sourcecode.swift; path = "ViewController+UI.swift"; sourceTree = "<group>"; };
		A3388D0C24320D73005CE11A /* SignUpViewController.swift */ = {isa = PBXFileReference; lastKnownFileType = sourcecode.swift; path = SignUpViewController.swift; sourceTree = "<group>"; };
		A3388D0E243218C1005CE11A /* SignInViewController_UI.swift */ = {isa = PBXFileReference; lastKnownFileType = sourcecode.swift; path = SignInViewController_UI.swift; sourceTree = "<group>"; };
		A3388D1024322115005CE11A /* SignViewController.swift */ = {isa = PBXFileReference; lastKnownFileType = sourcecode.swift; path = SignViewController.swift; sourceTree = "<group>"; };
		A3388D1224322294005CE11A /* SignEmailViewController+UI.swift */ = {isa = PBXFileReference; lastKnownFileType = sourcecode.swift; path = "SignEmailViewController+UI.swift"; sourceTree = "<group>"; };
/* End PBXFileReference section */

/* Begin PBXFrameworksBuildPhase section */
		A3388CEC2431F911005CE11A /* Frameworks */ = {
			isa = PBXFrameworksBuildPhase;
			buildActionMask = 2147483647;
			files = (
			);
			runOnlyForDeploymentPostprocessing = 0;
		};
/* End PBXFrameworksBuildPhase section */

/* Begin PBXGroup section */
		A3388CE62431F911005CE11A = {
			isa = PBXGroup;
			children = (
				A3388CF12431F911005CE11A /* JCoding */,
				A3388CF02431F911005CE11A /* Products */,
			);
			sourceTree = "<group>";
		};
		A3388CF02431F911005CE11A /* Products */ = {
			isa = PBXGroup;
			children = (
				A3388CEF2431F911005CE11A /* JCoding.app */,
			);
			name = Products;
			sourceTree = "<group>";
		};
		A3388CF12431F911005CE11A /* JCoding */ = {
			isa = PBXGroup;
			children = (
				A3388D062431F960005CE11A /* Welcome.storyboard */,
				A3388D082431FA64005CE11A /* Main.storyboard */,
				A3388D1024322115005CE11A /* SignViewController.swift */,
				A3388D1224322294005CE11A /* SignEmailViewController+UI.swift */,
				A3388CF22431F911005CE11A /* AppDelegate.swift */,
				A3388CF42431F911005CE11A /* SceneDelegate.swift */,
				A3388CF62431F911005CE11A /* ViewController.swift */,
				A3388D0A24320B64005CE11A /* ViewController+UI.swift */,
				A3388CFB2431F911005CE11A /* Assets.xcassets */,
				A3388CFD2431F911005CE11A /* LaunchScreen.storyboard */,
				A3388D002431F911005CE11A /* Info.plist */,
				A3388D0C24320D73005CE11A /* SignUpViewController.swift */,
				A3388D0E243218C1005CE11A /* SignInViewController_UI.swift */,
			);
			path = JCoding;
			sourceTree = "<group>";
		};
/* End PBXGroup section */

/* Begin PBXNativeTarget section */
		A3388CEE2431F911005CE11A /* JCoding */ = {
			isa = PBXNativeTarget;
			buildConfigurationList = A3388D032431F911005CE11A /* Build configuration list for PBXNativeTarget "JCoding" */;
			buildPhases = (
				A3388CEB2431F911005CE11A /* Sources */,
				A3388CEC2431F911005CE11A /* Frameworks */,
				A3388CED2431F911005CE11A /* Resources */,
			);
			buildRules = (
			);
			dependencies = (
			);
			name = JCoding;
			productName = JCoding;
			productReference = A3388CEF2431F911005CE11A /* JCoding.app */;
			productType = "com.apple.product-type.application";
		};
/* End PBXNativeTarget section */

/* Begin PBXProject section */
		A3388CE72431F911005CE11A /* Project object */ = {
			isa = PBXProject;
			attributes = {
				LastSwiftUpdateCheck = 1130;
				LastUpgradeCheck = 1130;
				ORGANIZATIONNAME = himanshu;
				TargetAttributes = {
					A3388CEE2431F911005CE11A = {
						CreatedOnToolsVersion = 11.3.1;
					};
				};
			};
			buildConfigurationList = A3388CEA2431F911005CE11A /* Build configuration list for PBXProject "JCoding" */;
			compatibilityVersion = "Xcode 9.3";
			developmentRegion = en;
			hasScannedForEncodings = 0;
			knownRegions = (
				en,
				Base,
			);
			mainGroup = A3388CE62431F911005CE11A;
			productRefGroup = A3388CF02431F911005CE11A /* Products */;
			projectDirPath = "";
			projectRoot = "";
			targets = (
				A3388CEE2431F911005CE11A /* JCoding */,
			);
		};
/* End PBXProject section */

/* Begin PBXResourcesBuildPhase section */
		A3388CED2431F911005CE11A /* Resources */ = {
			isa = PBXResourcesBuildPhase;
			buildActionMask = 2147483647;
			files = (
				A3388CFF2431F911005CE11A /* LaunchScreen.storyboard in Resources */,
				A3388D072431F960005CE11A /* Welcome.storyboard in Resources */,
				A3388CFC2431F911005CE11A /* Assets.xcassets in Resources */,
				A3388D092431FA64005CE11A /* Main.storyboard in Resources */,
			);
			runOnlyForDeploymentPostprocessing = 0;
		};
/* End PBXResourcesBuildPhase section */

/* Begin PBXSourcesBuildPhase section */
		A3388CEB2431F911005CE11A /* Sources */ = {
			isa = PBXSourcesBuildPhase;
			buildActionMask = 2147483647;
			files = (
				A3388D1324322294005CE11A /* SignEmailViewController+UI.swift in Sources */,
				A3388D1124322115005CE11A /* SignViewController.swift in Sources */,
				A3388D0F243218C1005CE11A /* SignInViewController_UI.swift in Sources */,
				A3388CF72431F911005CE11A /* ViewController.swift in Sources */,
				A3388CF32431F911005CE11A /* AppDelegate.swift in Sources */,
				A3388D0B24320B64005CE11A /* ViewController+UI.swift in Sources */,
				A3388CF52431F911005CE11A /* SceneDelegate.swift in Sources */,
				A3388D0D24320D73005CE11A /* SignUpViewController.swift in Sources */,
			);
			runOnlyForDeploymentPostprocessing = 0;
		};
/* End PBXSourcesBuildPhase section */

/* Begin PBXVariantGroup section */
		A3388CFD2431F911005CE11A /* LaunchScreen.storyboard */ = {
			isa = PBXVariantGroup;
			children = (
				A3388CFE2431F911005CE11A /* Base */,
			);
			name = LaunchScreen.storyboard;
			sourceTree = "<group>";
		};
/* End PBXVariantGroup section */

/* Begin XCBuildConfiguration section */
		A3388D012431F911005CE11A /* Debug */ = {
			isa = XCBuildConfiguration;
			buildSettings = {
				ALWAYS_SEARCH_USER_PATHS = NO;
				CLANG_ANALYZER_NONNULL = YES;
				CLANG_ANALYZER_NUMBER_OBJECT_CONVERSION = YES_AGGRESSIVE;
				CLANG_CXX_LANGUAGE_STANDARD = "gnu++14";
				CLANG_CXX_LIBRARY = "libc++";
				CLANG_ENABLE_MODULES = YES;
				CLANG_ENABLE_OBJC_ARC = YES;
				CLANG_ENABLE_OBJC_WEAK = YES;
				CLANG_WARN_BLOCK_CAPTURE_AUTORELEASING = YES;
				CLANG_WARN_BOOL_CONVERSION = YES;
				CLANG_WARN_COMMA = YES;
				CLANG_WARN_CONSTANT_CONVERSION = YES;
				CLANG_WARN_DEPRECATED_OBJC_IMPLEMENTATIONS = YES;
				CLANG_WARN_DIRECT_OBJC_ISA_USAGE = YES_ERROR;
				CLANG_WARN_DOCUMENTATION_COMMENTS = YES;
				CLANG_WARN_EMPTY_BODY = YES;
				CLANG_WARN_ENUM_CONVERSION = YES;
				CLANG_WARN_INFINITE_RECURSION = YES;
				CLANG_WARN_INT_CONVERSION = YES;
				CLANG_WARN_NON_LITERAL_NULL_CONVERSION = YES;
				CLANG_WARN_OBJC_IMPLICIT_RETAIN_SELF = YES;
				CLANG_WARN_OBJC_LITERAL_CONVERSION = YES;
				CLANG_WARN_OBJC_ROOT_CLASS = YES_ERROR;
				CLANG_WARN_RANGE_LOOP_ANALYSIS = YES;
				CLANG_WARN_STRICT_PROTOTYPES = YES;
				CLANG_WARN_SUSPICIOUS_MOVE = YES;
				CLANG_WARN_UNGUARDED_AVAILABILITY = YES_AGGRESSIVE;
				CLANG_WARN_UNREACHABLE_CODE = YES;
				CLANG_WARN__DUPLICATE_METHOD_MATCH = YES;
				COPY_PHASE_STRIP = NO;
				DEBUG_INFORMATION_FORMAT = dwarf;
				ENABLE_STRICT_OBJC_MSGSEND = YES;
				ENABLE_TESTABILITY = YES;
				GCC_C_LANGUAGE_STANDARD = gnu11;
				GCC_DYNAMIC_NO_PIC = NO;
				GCC_NO_COMMON_BLOCKS = YES;
				GCC_OPTIMIZATION_LEVEL = 0;
				GCC_PREPROCESSOR_DEFINITIONS = (
					"DEBUG=1",
					"$(inherited)",
				);
				GCC_WARN_64_TO_32_BIT_CONVERSION = YES;
				GCC_WARN_ABOUT_RETURN_TYPE = YES_ERROR;
				GCC_WARN_UNDECLARED_SELECTOR = YES;
				GCC_WARN_UNINITIALIZED_AUTOS = YES_AGGRESSIVE;
				GCC_WARN_UNUSED_FUNCTION = YES;
				GCC_WARN_UNUSED_VARIABLE = YES;
				IPHONEOS_DEPLOYMENT_TARGET = 13.2;
				MTL_ENABLE_DEBUG_INFO = INCLUDE_SOURCE;
				MTL_FAST_MATH = YES;
				ONLY_ACTIVE_ARCH = YES;
				SDKROOT = iphoneos;
				SWIFT_ACTIVE_COMPILATION_CONDITIONS = DEBUG;
				SWIFT_OPTIMIZATION_LEVEL = "-Onone";
			};
			name = Debug;
		};
		A3388D022431F911005CE11A /* Release */ = {
			isa = XCBuildConfiguration;
			buildSettings = {
				ALWAYS_SEARCH_USER_PATHS = NO;
				CLANG_ANALYZER_NONNULL = YES;
				CLANG_ANALYZER_NUMBER_OBJECT_CONVERSION = YES_AGGRESSIVE;
				CLANG_CXX_LANGUAGE_STANDARD = "gnu++14";
				CLANG_CXX_LIBRARY = "libc++";
				CLANG_ENABLE_MODULES = YES;
				CLANG_ENABLE_OBJC_ARC = YES;
				CLANG_ENABLE_OBJC_WEAK = YES;
				CLANG_WARN_BLOCK_CAPTURE_AUTORELEASING = YES;
				CLANG_WARN_BOOL_CONVERSION = YES;
				CLANG_WARN_COMMA = YES;
				CLANG_WARN_CONSTANT_CONVERSION = YES;
				CLANG_WARN_DEPRECATED_OBJC_IMPLEMENTATIONS = YES;
				CLANG_WARN_DIRECT_OBJC_ISA_USAGE = YES_ERROR;
				CLANG_WARN_DOCUMENTATION_COMMENTS = YES;
				CLANG_WARN_EMPTY_BODY = YES;
				CLANG_WARN_ENUM_CONVERSION = YES;
				CLANG_WARN_INFINITE_RECURSION = YES;
				CLANG_WARN_INT_CONVERSION = YES;
				CLANG_WARN_NON_LITERAL_NULL_CONVERSION = YES;
				CLANG_WARN_OBJC_IMPLICIT_RETAIN_SELF = YES;
				CLANG_WARN_OBJC_LITERAL_CONVERSION = YES;
				CLANG_WARN_OBJC_ROOT_CLASS = YES_ERROR;
				CLANG_WARN_RANGE_LOOP_ANALYSIS = YES;
				CLANG_WARN_STRICT_PROTOTYPES = YES;
				CLANG_WARN_SUSPICIOUS_MOVE = YES;
				CLANG_WARN_UNGUARDED_AVAILABILITY = YES_AGGRESSIVE;
				CLANG_WARN_UNREACHABLE_CODE = YES;
				CLANG_WARN__DUPLICATE_METHOD_MATCH = YES;
				COPY_PHASE_STRIP = NO;
				DEBUG_INFORMATION_FORMAT = "dwarf-with-dsym";
				ENABLE_NS_ASSERTIONS = NO;
				ENABLE_STRICT_OBJC_MSGSEND = YES;
				GCC_C_LANGUAGE_STANDARD = gnu11;
				GCC_NO_COMMON_BLOCKS = YES;
				GCC_WARN_64_TO_32_BIT_CONVERSION = YES;
				GCC_WARN_ABOUT_RETURN_TYPE = YES_ERROR;
				GCC_WARN_UNDECLARED_SELECTOR = YES;
				GCC_WARN_UNINITIALIZED_AUTOS = YES_AGGRESSIVE;
				GCC_WARN_UNUSED_FUNCTION = YES;
				GCC_WARN_UNUSED_VARIABLE = YES;
				IPHONEOS_DEPLOYMENT_TARGET = 13.2;
				MTL_ENABLE_DEBUG_INFO = NO;
				MTL_FAST_MATH = YES;
				SDKROOT = iphoneos;
				SWIFT_COMPILATION_MODE = wholemodule;
				SWIFT_OPTIMIZATION_LEVEL = "-O";
				VALIDATE_PRODUCT = YES;
			};
			name = Release;
		};
		A3388D042431F911005CE11A /* Debug */ = {
			isa = XCBuildConfiguration;
			buildSettings = {
				ASSETCATALOG_COMPILER_APPICON_NAME = AppIcon;
				CODE_SIGN_STYLE = Automatic;
				INFOPLIST_FILE = JCoding/Info.plist;
				LD_RUNPATH_SEARCH_PATHS = (
					"$(inherited)",
					"@executable_path/Frameworks",
				);
				PRODUCT_BUNDLE_IDENTIFIER = com.himanshu.JCoding;
				PRODUCT_NAME = "$(TARGET_NAME)";
				SWIFT_VERSION = 5.0;
				TARGETED_DEVICE_FAMILY = "1,2";
			};
			name = Debug;
		};
		A3388D052431F911005CE11A /* Release */ = {
			isa = XCBuildConfiguration;
			buildSettings = {
				ASSETCATALOG_COMPILER_APPICON_NAME = AppIcon;
				CODE_SIGN_STYLE = Automatic;
				INFOPLIST_FILE = JCoding/Info.plist;
				LD_RUNPATH_SEARCH_PATHS = (
					"$(inherited)",
					"@executable_path/Frameworks",
				);
				PRODUCT_BUNDLE_IDENTIFIER = com.himanshu.JCoding;
				PRODUCT_NAME = "$(TARGET_NAME)";
				SWIFT_VERSION = 5.0;
				TARGETED_DEVICE_FAMILY = "1,2";
			};
			name = Release;
		};
/* End XCBuildConfiguration section */

/* Begin XCConfigurationList section */
		A3388CEA2431F911005CE11A /* Build configuration list for PBXProject "JCoding" */ = {
			isa = XCConfigurationList;
			buildConfigurations = (
				A3388D012431F911005CE11A /* Debug */,
				A3388D022431F911005CE11A /* Release */,
			);
			defaultConfigurationIsVisible = 0;
			defaultConfigurationName = Release;
		};
		A3388D032431F911005CE11A /* Build configuration list for PBXNativeTarget "JCoding" */ = {
			isa = XCConfigurationList;
			buildConfigurations = (
				A3388D042431F911005CE11A /* Debug */,
				A3388D052431F911005CE11A /* Release */,
			);
			defaultConfigurationIsVisible = 0;
			defaultConfigurationName = Release;
		};
/* End XCConfigurationList section */
	};
	rootObject = A3388CE72431F911005CE11A /* Project object */;
}
